// !$*UTF8*$!
{
	archiveVersion = 1;
	classes = {
	};
	objectVersion = 56;
	objects = {

/* Begin PBXBuildFile section */
		19255DF62AA74CEE008BE83B /* AppDelegate.swift in Sources */ = {isa = PBXBuildFile; fileRef = 19255DF52AA74CEE008BE83B /* AppDelegate.swift */; };
		19255DF82AA74CEE008BE83B /* SceneDelegate.swift in Sources */ = {isa = PBXBuildFile; fileRef = 19255DF72AA74CEE008BE83B /* SceneDelegate.swift */; };
		19255DFA2AA74CEE008BE83B /* ViewController.swift in Sources */ = {isa = PBXBuildFile; fileRef = 19255DF92AA74CEE008BE83B /* ViewController.swift */; };
		19255DFD2AA74CEE008BE83B /* Main.storyboard in Resources */ = {isa = PBXBuildFile; fileRef = 19255DFB2AA74CEE008BE83B /* Main.storyboard */; };
		19255DFF2AA74CF1008BE83B /* Assets.xcassets in Resources */ = {isa = PBXBuildFile; fileRef = 19255DFE2AA74CF1008BE83B /* Assets.xcassets */; };
		19255E022AA74CF1008BE83B /* LaunchScreen.storyboard in Resources */ = {isa = PBXBuildFile; fileRef = 19255E002AA74CF1008BE83B /* LaunchScreen.storyboard */; };
		19255E0D2AA74CF2008BE83B /* LiveSplashDemoTests.swift in Sources */ = {isa = PBXBuildFile; fileRef = 19255E0C2AA74CF2008BE83B /* LiveSplashDemoTests.swift */; };
		19255E172AA74CF2008BE83B /* LiveSplashDemoUITests.swift in Sources */ = {isa = PBXBuildFile; fileRef = 19255E162AA74CF2008BE83B /* LiveSplashDemoUITests.swift */; };
		19255E192AA74CF2008BE83B /* LiveSplashDemoUITestsLaunchTests.swift in Sources */ = {isa = PBXBuildFile; fileRef = 19255E182AA74CF2008BE83B /* LiveSplashDemoUITestsLaunchTests.swift */; };
		19255E2C2AA761C4008BE83B /* Images.xcassets in Resources */ = {isa = PBXBuildFile; fileRef = 19255E2B2AA761C4008BE83B /* Images.xcassets */; };
		19C64AAA2AA8856900269383 /* LiveSplash.framework in Frameworks */ = {isa = PBXBuildFile; fileRef = 19C64AA82AA884AC00269383 /* LiveSplash.framework */; };
		19C64AAB2AA8856900269383 /* LiveSplash.framework in Embed Frameworks */ = {isa = PBXBuildFile; fileRef = 19C64AA82AA884AC00269383 /* LiveSplash.framework */; settings = {ATTRIBUTES = (CodeSignOnCopy, RemoveHeadersOnCopy, ); }; };
/* End PBXBuildFile section */

/* Begin PBXContainerItemProxy section */
		19255E092AA74CF2008BE83B /* PBXContainerItemProxy */ = {
			isa = PBXContainerItemProxy;
			containerPortal = 19255DEA2AA74CEE008BE83B /* Project object */;
			proxyType = 1;
			remoteGlobalIDString = 19255DF12AA74CEE008BE83B;
			remoteInfo = LiveSplashDemo;
		};
		19255E132AA74CF2008BE83B /* PBXContainerItemProxy */ = {
			isa = PBXContainerItemProxy;
			containerPortal = 19255DEA2AA74CEE008BE83B /* Project object */;
			proxyType = 1;
			remoteGlobalIDString = 19255DF12AA74CEE008BE83B;
			remoteInfo = LiveSplashDemo;
		};
/* End PBXContainerItemProxy section */

/* Begin PBXCopyFilesBuildPhase section */
		19255E2F2AA76226008BE83B /* Embed Frameworks */ = {
			isa = PBXCopyFilesBuildPhase;
			buildActionMask = 2147483647;
			dstPath = "";
			dstSubfolderSpec = 10;
			files = (
				19C64AAB2AA8856900269383 /* LiveSplash.framework in Embed Frameworks */,
			);
			name = "Embed Frameworks";
			runOnlyForDeploymentPostprocessing = 0;
		};
/* End PBXCopyFilesBuildPhase section */

/* Begin PBXFileReference section */
		19255DF22AA74CEE008BE83B /* LiveSplashDemo.app */ = {isa = PBXFileReference; explicitFileType = wrapper.application; includeInIndex = 0; path = LiveSplashDemo.app; sourceTree = BUILT_PRODUCTS_DIR; };
		19255DF52AA74CEE008BE83B /* AppDelegate.swift */ = {isa = PBXFileReference; lastKnownFileType = sourcecode.swift; path = AppDelegate.swift; sourceTree = "<group>"; };
		19255DF72AA74CEE008BE83B /* SceneDelegate.swift */ = {isa = PBXFileReference; lastKnownFileType = sourcecode.swift; path = SceneDelegate.swift; sourceTree = "<group>"; };
		19255DF92AA74CEE008BE83B /* ViewController.swift */ = {isa = PBXFileReference; lastKnownFileType = sourcecode.swift; path = ViewController.swift; sourceTree = "<group>"; };
		19255DFC2AA74CEE008BE83B /* Base */ = {isa = PBXFileReference; lastKnownFileType = file.storyboard; name = Base; path = Base.lproj/Main.storyboard; sourceTree = "<group>"; };
		19255DFE2AA74CF1008BE83B /* Assets.xcassets */ = {isa = PBXFileReference; lastKnownFileType = folder.assetcatalog; path = Assets.xcassets; sourceTree = "<group>"; };
		19255E012AA74CF1008BE83B /* Base */ = {isa = PBXFileReference; lastKnownFileType = file.storyboard; name = Base; path = Base.lproj/LaunchScreen.storyboard; sourceTree = "<group>"; };
		19255E032AA74CF1008BE83B /* Info.plist */ = {isa = PBXFileReference; lastKnownFileType = text.plist.xml; path = Info.plist; sourceTree = "<group>"; };
		19255E082AA74CF2008BE83B /* LiveSplashDemoTests.xctest */ = {isa = PBXFileReference; explicitFileType = wrapper.cfbundle; includeInIndex = 0; path = LiveSplashDemoTests.xctest; sourceTree = BUILT_PRODUCTS_DIR; };
		19255E0C2AA74CF2008BE83B /* LiveSplashDemoTests.swift */ = {isa = PBXFileReference; lastKnownFileType = sourcecode.swift; path = LiveSplashDemoTests.swift; sourceTree = "<group>"; };
		19255E122AA74CF2008BE83B /* LiveSplashDemoUITests.xctest */ = {isa = PBXFileReference; explicitFileType = wrapper.cfbundle; includeInIndex = 0; path = LiveSplashDemoUITests.xctest; sourceTree = BUILT_PRODUCTS_DIR; };
		19255E162AA74CF2008BE83B /* LiveSplashDemoUITests.swift */ = {isa = PBXFileReference; lastKnownFileType = sourcecode.swift; path = LiveSplashDemoUITests.swift; sourceTree = "<group>"; };
		19255E182AA74CF2008BE83B /* LiveSplashDemoUITestsLaunchTests.swift */ = {isa = PBXFileReference; lastKnownFileType = sourcecode.swift; path = LiveSplashDemoUITestsLaunchTests.swift; sourceTree = "<group>"; };
		19255E2B2AA761C4008BE83B /* Images.xcassets */ = {isa = PBXFileReference; lastKnownFileType = folder.assetcatalog; path = Images.xcassets; sourceTree = "<group>"; };
		19C64AA82AA884AC00269383 /* LiveSplash.framework */ = {isa = PBXFileReference; lastKnownFileType = wrapper.framework; path = LiveSplash.framework; sourceTree = "<group>"; };
/* End PBXFileReference section */

/* Begin PBXFrameworksBuildPhase section */
		19255DEF2AA74CEE008BE83B /* Frameworks */ = {
			isa = PBXFrameworksBuildPhase;
			buildActionMask = 2147483647;
			files = (
				19C64AAA2AA8856900269383 /* LiveSplash.framework in Frameworks */,
			);
			runOnlyForDeploymentPostprocessing = 0;
		};
		19255E052AA74CF2008BE83B /* Frameworks */ = {
			isa = PBXFrameworksBuildPhase;
			buildActionMask = 2147483647;
			files = (
			);
			runOnlyForDeploymentPostprocessing = 0;
		};
		19255E0F2AA74CF2008BE83B /* Frameworks */ = {
			isa = PBXFrameworksBuildPhase;
			buildActionMask = 2147483647;
			files = (
			);
			runOnlyForDeploymentPostprocessing = 0;
		};
/* End PBXFrameworksBuildPhase section */

/* Begin PBXGroup section */
		19255DE92AA74CEE008BE83B = {
			isa = PBXGroup;
			children = (
				19255DF42AA74CEE008BE83B /* LiveSplashDemo */,
				19255E0B2AA74CF2008BE83B /* LiveSplashDemoTests */,
				19255E152AA74CF2008BE83B /* LiveSplashDemoUITests */,
				19255DF32AA74CEE008BE83B /* Products */,
			);
			sourceTree = "<group>";
		};
		19255DF32AA74CEE008BE83B /* Products */ = {
			isa = PBXGroup;
			children = (
				19255DF22AA74CEE008BE83B /* LiveSplashDemo.app */,
				19255E082AA74CF2008BE83B /* LiveSplashDemoTests.xctest */,
				19255E122AA74CF2008BE83B /* LiveSplashDemoUITests.xctest */,
			);
			name = Products;
			sourceTree = "<group>";
		};
		19255DF42AA74CEE008BE83B /* LiveSplashDemo */ = {
			isa = PBXGroup;
			children = (
				19C64AA82AA884AC00269383 /* LiveSplash.framework */,
				19255DF52AA74CEE008BE83B /* AppDelegate.swift */,
				19255DF72AA74CEE008BE83B /* SceneDelegate.swift */,
				19255DF92AA74CEE008BE83B /* ViewController.swift */,
				19255DFB2AA74CEE008BE83B /* Main.storyboard */,
				19255DFE2AA74CF1008BE83B /* Assets.xcassets */,
				19255E002AA74CF1008BE83B /* LaunchScreen.storyboard */,
				19255E032AA74CF1008BE83B /* Info.plist */,
				19255E2B2AA761C4008BE83B /* Images.xcassets */,
			);
			path = LiveSplashDemo;
			sourceTree = "<group>";
		};
		19255E0B2AA74CF2008BE83B /* LiveSplashDemoTests */ = {
			isa = PBXGroup;
			children = (
				19255E0C2AA74CF2008BE83B /* LiveSplashDemoTests.swift */,
			);
			path = LiveSplashDemoTests;
			sourceTree = "<group>";
		};
		19255E152AA74CF2008BE83B /* LiveSplashDemoUITests */ = {
			isa = PBXGroup;
			children = (
				19255E162AA74CF2008BE83B /* LiveSplashDemoUITests.swift */,
				19255E182AA74CF2008BE83B /* LiveSplashDemoUITestsLaunchTests.swift */,
			);
			path = LiveSplashDemoUITests;
			sourceTree = "<group>";
		};
/* End PBXGroup section */

/* Begin PBXNativeTarget section */
		19255DF12AA74CEE008BE83B /* LiveSplashDemo */ = {
			isa = PBXNativeTarget;
			buildConfigurationList = 19255E1C2AA74CF2008BE83B /* Build configuration list for PBXNativeTarget "LiveSplashDemo" */;
			buildPhases = (
				19255DEE2AA74CEE008BE83B /* Sources */,
				19255DEF2AA74CEE008BE83B /* Frameworks */,
				19255DF02AA74CEE008BE83B /* Resources */,
				19255E2F2AA76226008BE83B /* Embed Frameworks */,
			);
			buildRules = (
			);
			dependencies = (
			);
			name = LiveSplashDemo;
			productName = LiveSplashDemo;
			productReference = 19255DF22AA74CEE008BE83B /* LiveSplashDemo.app */;
			productType = "com.apple.product-type.application";
		};
		19255E072AA74CF2008BE83B /* LiveSplashDemoTests */ = {
			isa = PBXNativeTarget;
			buildConfigurationList = 19255E1F2AA74CF2008BE83B /* Build configuration list for PBXNativeTarget "LiveSplashDemoTests" */;
			buildPhases = (
				19255E042AA74CF2008BE83B /* Sources */,
				19255E052AA74CF2008BE83B /* Frameworks */,
				19255E062AA74CF2008BE83B /* Resources */,
			);
			buildRules = (
			);
			dependencies = (
				19255E0A2AA74CF2008BE83B /* PBXTargetDependency */,
			);
			name = LiveSplashDemoTests;
			productName = LiveSplashDemoTests;
			productReference = 19255E082AA74CF2008BE83B /* LiveSplashDemoTests.xctest */;
			productType = "com.apple.product-type.bundle.unit-test";
		};
		19255E112AA74CF2008BE83B /* LiveSplashDemoUITests */ = {
			isa = PBXNativeTarget;
			buildConfigurationList = 19255E222AA74CF2008BE83B /* Build configuration list for PBXNativeTarget "LiveSplashDemoUITests" */;
			buildPhases = (
				19255E0E2AA74CF2008BE83B /* Sources */,
				19255E0F2AA74CF2008BE83B /* Frameworks */,
				19255E102AA74CF2008BE83B /* Resources */,
			);
			buildRules = (
			);
			dependencies = (
				19255E142AA74CF2008BE83B /* PBXTargetDependency */,
			);
			name = LiveSplashDemoUITests;
			productName = LiveSplashDemoUITests;
			productReference = 19255E122AA74CF2008BE83B /* LiveSplashDemoUITests.xctest */;
			productType = "com.apple.product-type.bundle.ui-testing";
		};
/* End PBXNativeTarget section */

/* Begin PBXProject section */
		19255DEA2AA74CEE008BE83B /* Project object */ = {
			isa = PBXProject;
			attributes = {
				BuildIndependentTargetsInParallel = 1;
				LastSwiftUpdateCheck = 1430;
				LastUpgradeCheck = 1430;
				TargetAttributes = {
					19255DF12AA74CEE008BE83B = {
						CreatedOnToolsVersion = 14.3;
					};
					19255E072AA74CF2008BE83B = {
						CreatedOnToolsVersion = 14.3;
						TestTargetID = 19255DF12AA74CEE008BE83B;
					};
					19255E112AA74CF2008BE83B = {
						CreatedOnToolsVersion = 14.3;
						TestTargetID = 19255DF12AA74CEE008BE83B;
					};
				};
			};
			buildConfigurationList = 19255DED2AA74CEE008BE83B /* Build configuration list for PBXProject "LiveSplashDemo" */;
			compatibilityVersion = "Xcode 14.0";
			developmentRegion = en;
			hasScannedForEncodings = 0;
			knownRegions = (
				en,
				Base,
			);
			mainGroup = 19255DE92AA74CEE008BE83B;
			productRefGroup = 19255DF32AA74CEE008BE83B /* Products */;
			projectDirPath = "";
			projectRoot = "";
			targets = (
				19255DF12AA74CEE008BE83B /* LiveSplashDemo */,
				19255E072AA74CF2008BE83B /* LiveSplashDemoTests */,
				19255E112AA74CF2008BE83B /* LiveSplashDemoUITests */,
			);
		};
/* End PBXProject section */

/* Begin PBXResourcesBuildPhase section */
		19255DF02AA74CEE008BE83B /* Resources */ = {
			isa = PBXResourcesBuildPhase;
			buildActionMask = 2147483647;
			files = (
				19255E022AA74CF1008BE83B /* LaunchScreen.storyboard in Resources */,
				19255E2C2AA761C4008BE83B /* Images.xcassets in Resources */,
				19255DFF2AA74CF1008BE83B /* Assets.xcassets in Resources */,
				19255DFD2AA74CEE008BE83B /* Main.storyboard in Resources */,
			);
			runOnlyForDeploymentPostprocessing = 0;
		};
		19255E062AA74CF2008BE83B /* Resources */ = {
			isa = PBXResourcesBuildPhase;
			buildActionMask = 2147483647;
			files = (
			);
			runOnlyForDeploymentPostprocessing = 0;
		};
		19255E102AA74CF2008BE83B /* Resources */ = {
			isa = PBXResourcesBuildPhase;
			buildActionMask = 2147483647;
			files = (
			);
			runOnlyForDeploymentPostprocessing = 0;
		};
/* End PBXResourcesBuildPhase section */

/* Begin PBXSourcesBuildPhase section */
		19255DEE2AA74CEE008BE83B /* Sources */ = {
			isa = PBXSourcesBuildPhase;
			buildActionMask = 2147483647;
			files = (
				19255DFA2AA74CEE008BE83B /* ViewController.swift in Sources */,
				19255DF62AA74CEE008BE83B /* AppDelegate.swift in Sources */,
				19255DF82AA74CEE008BE83B /* SceneDelegate.swift in Sources */,
			);
			runOnlyForDeploymentPostprocessing = 0;
		};
		19255E042AA74CF2008BE83B /* Sources */ = {
			isa = PBXSourcesBuildPhase;
			buildActionMask = 2147483647;
			files = (
				19255E0D2AA74CF2008BE83B /* LiveSplashDemoTests.swift in Sources */,
			);
			runOnlyForDeploymentPostprocessing = 0;
		};
		19255E0E2AA74CF2008BE83B /* Sources */ = {
			isa = PBXSourcesBuildPhase;
			buildActionMask = 2147483647;
			files = (
				19255E192AA74CF2008BE83B /* LiveSplashDemoUITestsLaunchTests.swift in Sources */,
				19255E172AA74CF2008BE83B /* LiveSplashDemoUITests.swift in Sources */,
			);
			runOnlyForDeploymentPostprocessing = 0;
		};
/* End PBXSourcesBuildPhase section */

/* Begin PBXTargetDependency section */
		19255E0A2AA74CF2008BE83B /* PBXTargetDependency */ = {
			isa = PBXTargetDependency;
			target = 19255DF12AA74CEE008BE83B /* LiveSplashDemo */;
			targetProxy = 19255E092AA74CF2008BE83B /* PBXContainerItemProxy */;
		};
		19255E142AA74CF2008BE83B /* PBXTargetDependency */ = {
			isa = PBXTargetDependency;
			target = 19255DF12AA74CEE008BE83B /* LiveSplashDemo */;
			targetProxy = 19255E132AA74CF2008BE83B /* PBXContainerItemProxy */;
		};
/* End PBXTargetDependency section */

/* Begin PBXVariantGroup section */
		19255DFB2AA74CEE008BE83B /* Main.storyboard */ = {
			isa = PBXVariantGroup;
			children = (
				19255DFC2AA74CEE008BE83B /* Base */,
			);
			name = Main.storyboard;
			sourceTree = "<group>";
		};
		19255E002AA74CF1008BE83B /* LaunchScreen.storyboard */ = {
			isa = PBXVariantGroup;
			children = (
				19255E012AA74CF1008BE83B /* Base */,
			);
			name = LaunchScreen.storyboard;
			sourceTree = "<group>";
		};
/* End PBXVariantGroup section */

/* Begin XCBuildConfiguration section */
		19255E1A2AA74CF2008BE83B /* Debug */ = {
			isa = XCBuildConfiguration;
			buildSettings = {
				ALWAYS_SEARCH_USER_PATHS = NO;
				CLANG_ANALYZER_NONNULL = YES;
				CLANG_ANALYZER_NUMBER_OBJECT_CONVERSION = YES_AGGRESSIVE;
				CLANG_CXX_LANGUAGE_STANDARD = "gnu++20";
				CLANG_ENABLE_MODULES = YES;
				CLANG_ENABLE_OBJC_ARC = YES;
				CLANG_ENABLE_OBJC_WEAK = YES;
				CLANG_WARN_BLOCK_CAPTURE_AUTORELEASING = YES;
				CLANG_WARN_BOOL_CONVERSION = YES;
				CLANG_WARN_COMMA = YES;
				CLANG_WARN_CONSTANT_CONVERSION = YES;
				CLANG_WARN_DEPRECATED_OBJC_IMPLEMENTATIONS = YES;
				CLANG_WARN_DIRECT_OBJC_ISA_USAGE = YES_ERROR;
				CLANG_WARN_DOCUMENTATION_COMMENTS = YES;
				CLANG_WARN_EMPTY_BODY = YES;
				CLANG_WARN_ENUM_CONVERSION = YES;
				CLANG_WARN_INFINITE_RECURSION = YES;
				CLANG_WARN_INT_CONVERSION = YES;
				CLANG_WARN_NON_LITERAL_NULL_CONVERSION = YES;
				CLANG_WARN_OBJC_IMPLICIT_RETAIN_SELF = YES;
				CLANG_WARN_OBJC_LITERAL_CONVERSION = YES;
				CLANG_WARN_OBJC_ROOT_CLASS = YES_ERROR;
				CLANG_WARN_QUOTED_INCLUDE_IN_FRAMEWORK_HEADER = YES;
				CLANG_WARN_RANGE_LOOP_ANALYSIS = YES;
				CLANG_WARN_STRICT_PROTOTYPES = YES;
				CLANG_WARN_SUSPICIOUS_MOVE = YES;
				CLANG_WARN_UNGUARDED_AVAILABILITY = YES_AGGRESSIVE;
				CLANG_WARN_UNREACHABLE_CODE = YES;
				CLANG_WARN__DUPLICATE_METHOD_MATCH = YES;
				COPY_PHASE_STRIP = NO;
				DEBUG_INFORMATION_FORMAT = dwarf;
				ENABLE_STRICT_OBJC_MSGSEND = YES;
				ENABLE_TESTABILITY = YES;
				GCC_C_LANGUAGE_STANDARD = gnu11;
				GCC_DYNAMIC_NO_PIC = NO;
				GCC_NO_COMMON_BLOCKS = YES;
				GCC_OPTIMIZATION_LEVEL = 0;
				GCC_PREPROCESSOR_DEFINITIONS = (
					"DEBUG=1",
					"$(inherited)",
				);
				GCC_WARN_64_TO_32_BIT_CONVERSION = YES;
				GCC_WARN_ABOUT_RETURN_TYPE = YES_ERROR;
				GCC_WARN_UNDECLARED_SELECTOR = YES;
				GCC_WARN_UNINITIALIZED_AUTOS = YES_AGGRESSIVE;
				GCC_WARN_UNUSED_FUNCTION = YES;
				GCC_WARN_UNUSED_VARIABLE = YES;
				IPHONEOS_DEPLOYMENT_TARGET = 16.4;
				MTL_ENABLE_DEBUG_INFO = INCLUDE_SOURCE;
				MTL_FAST_MATH = YES;
				ONLY_ACTIVE_ARCH = YES;
				SDKROOT = iphoneos;
				SWIFT_ACTIVE_COMPILATION_CONDITIONS = DEBUG;
				SWIFT_OPTIMIZATION_LEVEL = "-Onone";
			};
			name = Debug;
		};
		19255E1B2AA74CF2008BE83B /* Release */ = {
			isa = XCBuildConfiguration;
			buildSettings = {
				ALWAYS_SEARCH_USER_PATHS = NO;
				CLANG_ANALYZER_NONNULL = YES;
				CLANG_ANALYZER_NUMBER_OBJECT_CONVERSION = YES_AGGRESSIVE;
				CLANG_CXX_LANGUAGE_STANDARD = "gnu++20";
				CLANG_ENABLE_MODULES = YES;
				CLANG_ENABLE_OBJC_ARC = YES;
				CLANG_ENABLE_OBJC_WEAK = YES;
				CLANG_WARN_BLOCK_CAPTURE_AUTORELEASING = YES;
				CLANG_WARN_BOOL_CONVERSION = YES;
				CLANG_WARN_COMMA = YES;
				CLANG_WARN_CONSTANT_CONVERSION = YES;
				CLANG_WARN_DEPRECATED_OBJC_IMPLEMENTATIONS = YES;
				CLANG_WARN_DIRECT_OBJC_ISA_USAGE = YES_ERROR;
				CLANG_WARN_DOCUMENTATION_COMMENTS = YES;
				CLANG_WARN_EMPTY_BODY = YES;
				CLANG_WARN_ENUM_CONVERSION = YES;
				CLANG_WARN_INFINITE_RECURSION = YES;
				CLANG_WARN_INT_CONVERSION = YES;
				CLANG_WARN_NON_LITERAL_NULL_CONVERSION = YES;
				CLANG_WARN_OBJC_IMPLICIT_RETAIN_SELF = YES;
				CLANG_WARN_OBJC_LITERAL_CONVERSION = YES;
				CLANG_WARN_OBJC_ROOT_CLASS = YES_ERROR;
				CLANG_WARN_QUOTED_INCLUDE_IN_FRAMEWORK_HEADER = YES;
				CLANG_WARN_RANGE_LOOP_ANALYSIS = YES;
				CLANG_WARN_STRICT_PROTOTYPES = YES;
				CLANG_WARN_SUSPICIOUS_MOVE = YES;
				CLANG_WARN_UNGUARDED_AVAILABILITY = YES_AGGRESSIVE;
				CLANG_WARN_UNREACHABLE_CODE = YES;
				CLANG_WARN__DUPLICATE_METHOD_MATCH = YES;
				COPY_PHASE_STRIP = NO;
				DEBUG_INFORMATION_FORMAT = "dwarf-with-dsym";
				ENABLE_NS_ASSERTIONS = NO;
				ENABLE_STRICT_OBJC_MSGSEND = YES;
				GCC_C_LANGUAGE_STANDARD = gnu11;
				GCC_NO_COMMON_BLOCKS = YES;
				GCC_WARN_64_TO_32_BIT_CONVERSION = YES;
				GCC_WARN_ABOUT_RETURN_TYPE = YES_ERROR;
				GCC_WARN_UNDECLARED_SELECTOR = YES;
				GCC_WARN_UNINITIALIZED_AUTOS = YES_AGGRESSIVE;
				GCC_WARN_UNUSED_FUNCTION = YES;
				GCC_WARN_UNUSED_VARIABLE = YES;
				IPHONEOS_DEPLOYMENT_TARGET = 16.4;
				MTL_ENABLE_DEBUG_INFO = NO;
				MTL_FAST_MATH = YES;
				SDKROOT = iphoneos;
				SWIFT_COMPILATION_MODE = wholemodule;
				SWIFT_OPTIMIZATION_LEVEL = "-O";
				VALIDATE_PRODUCT = YES;
			};
			name = Release;
		};
		19255E1D2AA74CF2008BE83B /* Debug */ = {
			isa = XCBuildConfiguration;
			buildSettings = {
				ASSETCATALOG_COMPILER_APPICON_NAME = AppIcon;
				ASSETCATALOG_COMPILER_GLOBAL_ACCENT_COLOR_NAME = AccentColor;
				CODE_SIGN_STYLE = Automatic;
				CURRENT_PROJECT_VERSION = 1;
				DEVELOPMENT_TEAM = 36M6V853R2;
				FRAMEWORK_SEARCH_PATHS = (
					"$(inherited)",
					"$(PROJECT_DIR)/LiveSplashDemo",
				);
				GENERATE_INFOPLIST_FILE = YES;
				INFOPLIST_FILE = LiveSplashDemo/Info.plist;
				INFOPLIST_KEY_UIApplicationSupportsIndirectInputEvents = YES;
				INFOPLIST_KEY_UILaunchStoryboardName = LaunchScreen;
				INFOPLIST_KEY_UIMainStoryboardFile = Main;
				INFOPLIST_KEY_UISupportedInterfaceOrientations_iPad = "UIInterfaceOrientationPortrait UIInterfaceOrientationPortraitUpsideDown UIInterfaceOrientationLandscapeLeft UIInterfaceOrientationLandscapeRight";
				INFOPLIST_KEY_UISupportedInterfaceOrientations_iPhone = "UIInterfaceOrientationPortrait UIInterfaceOrientationLandscapeLeft UIInterfaceOrientationLandscapeRight";
				IPHONEOS_DEPLOYMENT_TARGET = 13.0;
				LD_RUNPATH_SEARCH_PATHS = (
					"$(inherited)",
					"@executable_path/Frameworks",
				);
				MARKETING_VERSION = 1.0;
				PRODUCT_BUNDLE_IDENTIFIER = Himanshu.LiveSplashDemo;
				PRODUCT_NAME = "$(TARGET_NAME)";
				SWIFT_EMIT_LOC_STRINGS = YES;
				SWIFT_VERSION = 5.0;
				TARGETED_DEVICE_FAMILY = "1,2";
			};
			name = Debug;
		};
		19255E1E2AA74CF2008BE83B /* Release */ = {
			isa = XCBuildConfiguration;
			buildSettings = {
				ASSETCATALOG_COMPILER_APPICON_NAME = AppIcon;
				ASSETCATALOG_COMPILER_GLOBAL_ACCENT_COLOR_NAME = AccentColor;
				CODE_SIGN_STYLE = Automatic;
				CURRENT_PROJECT_VERSION = 1;
				DEVELOPMENT_TEAM = 36M6V853R2;
				FRAMEWORK_SEARCH_PATHS = (
					"$(inherited)",
					"$(PROJECT_DIR)/LiveSplashDemo",
				);
				GENERATE_INFOPLIST_FILE = YES;
				INFOPLIST_FILE = LiveSplashDemo/Info.plist;
				INFOPLIST_KEY_UIApplicationSupportsIndirectInputEvents = YES;
				INFOPLIST_KEY_UILaunchStoryboardName = LaunchScreen;
				INFOPLIST_KEY_UIMainStoryboardFile = Main;
				INFOPLIST_KEY_UISupportedInterfaceOrientations_iPad = "UIInterfaceOrientationPortrait UIInterfaceOrientationPortraitUpsideDown UIInterfaceOrientationLandscapeLeft UIInterfaceOrientationLandscapeRight";
				INFOPLIST_KEY_UISupportedInterfaceOrientations_iPhone = "UIInterfaceOrientationPortrait UIInterfaceOrientationLandscapeLeft UIInterfaceOrientationLandscapeRight";
				IPHONEOS_DEPLOYMENT_TARGET = 13.0;
				LD_RUNPATH_SEARCH_PATHS = (
					"$(inherited)",
					"@executable_path/Frameworks",
				);
				MARKETING_VERSION = 1.0;
				PRODUCT_BUNDLE_IDENTIFIER = Himanshu.LiveSplashDemo;
				PRODUCT_NAME = "$(TARGET_NAME)";
				SWIFT_EMIT_LOC_STRINGS = YES;
				SWIFT_VERSION = 5.0;
				TARGETED_DEVICE_FAMILY = "1,2";
			};
			name = Release;
		};
		19255E202AA74CF2008BE83B /* Debug */ = {
			isa = XCBuildConfiguration;
			buildSettings = {
				ALWAYS_EMBED_SWIFT_STANDARD_LIBRARIES = YES;
				BUNDLE_LOADER = "$(TEST_HOST)";
				CODE_SIGN_STYLE = Automatic;
				CURRENT_PROJECT_VERSION = 1;
				DEVELOPMENT_TEAM = 36M6V853R2;
				GENERATE_INFOPLIST_FILE = YES;
				IPHONEOS_DEPLOYMENT_TARGET = 16.4;
				MARKETING_VERSION = 1.0;
				PRODUCT_BUNDLE_IDENTIFIER = Himanshu.LiveSplashDemoTests;
				PRODUCT_NAME = "$(TARGET_NAME)";
				SWIFT_EMIT_LOC_STRINGS = NO;
				SWIFT_VERSION = 5.0;
				TARGETED_DEVICE_FAMILY = "1,2";
				TEST_HOST = "$(BUILT_PRODUCTS_DIR)/LiveSplashDemo.app/$(BUNDLE_EXECUTABLE_FOLDER_PATH)/LiveSplashDemo";
			};
			name = Debug;
		};
		19255E212AA74CF2008BE83B /* Release */ = {
			isa = XCBuildConfiguration;
			buildSettings = {
				ALWAYS_EMBED_SWIFT_STANDARD_LIBRARIES = YES;
				BUNDLE_LOADER = "$(TEST_HOST)";
				CODE_SIGN_STYLE = Automatic;
				CURRENT_PROJECT_VERSION = 1;
				DEVELOPMENT_TEAM = 36M6V853R2;
				GENERATE_INFOPLIST_FILE = YES;
				IPHONEOS_DEPLOYMENT_TARGET = 16.4;
				MARKETING_VERSION = 1.0;
				PRODUCT_BUNDLE_IDENTIFIER = Himanshu.LiveSplashDemoTests;
				PRODUCT_NAME = "$(TARGET_NAME)";
				SWIFT_EMIT_LOC_STRINGS = NO;
				SWIFT_VERSION = 5.0;
				TARGETED_DEVICE_FAMILY = "1,2";
				TEST_HOST = "$(BUILT_PRODUCTS_DIR)/LiveSplashDemo.app/$(BUNDLE_EXECUTABLE_FOLDER_PATH)/LiveSplashDemo";
			};
			name = Release;
		};
		19255E232AA74CF2008BE83B /* Debug */ = {
			isa = XCBuildConfiguration;
			buildSettings = {
				ALWAYS_EMBED_SWIFT_STANDARD_LIBRARIES = YES;
				CODE_SIGN_STYLE = Automatic;
				CURRENT_PROJECT_VERSION = 1;
				DEVELOPMENT_TEAM = 36M6V853R2;
				GENERATE_INFOPLIST_FILE = YES;
				MARKETING_VERSION = 1.0;
				PRODUCT_BUNDLE_IDENTIFIER = Himanshu.LiveSplashDemoUITests;
				PRODUCT_NAME = "$(TARGET_NAME)";
				SWIFT_EMIT_LOC_STRINGS = NO;
				SWIFT_VERSION = 5.0;
				TARGETED_DEVICE_FAMILY = "1,2";
				TEST_TARGET_NAME = LiveSplashDemo;
			};
			name = Debug;
		};
		19255E242AA74CF2008BE83B /* Release */ = {
			isa = XCBuildConfiguration;
			buildSettings = {
				ALWAYS_EMBED_SWIFT_STANDARD_LIBRARIES = YES;
				CODE_SIGN_STYLE = Automatic;
				CURRENT_PROJECT_VERSION = 1;
				DEVELOPMENT_TEAM = 36M6V853R2;
				GENERATE_INFOPLIST_FILE = YES;
				MARKETING_VERSION = 1.0;
				PRODUCT_BUNDLE_IDENTIFIER = Himanshu.LiveSplashDemoUITests;
				PRODUCT_NAME = "$(TARGET_NAME)";
				SWIFT_EMIT_LOC_STRINGS = NO;
				SWIFT_VERSION = 5.0;
				TARGETED_DEVICE_FAMILY = "1,2";
				TEST_TARGET_NAME = LiveSplashDemo;
			};
			name = Release;
		};
/* End XCBuildConfiguration section */

/* Begin XCConfigurationList section */
		19255DED2AA74CEE008BE83B /* Build configuration list for PBXProject "LiveSplashDemo" */ = {
			isa = XCConfigurationList;
			buildConfigurations = (
				19255E1A2AA74CF2008BE83B /* Debug */,
				19255E1B2AA74CF2008BE83B /* Release */,
			);
			defaultConfigurationIsVisible = 0;
			defaultConfigurationName = Release;
		};
		19255E1C2AA74CF2008BE83B /* Build configuration list for PBXNativeTarget "LiveSplashDemo" */ = {
			isa = XCConfigurationList;
			buildConfigurations = (
				19255E1D2AA74CF2008BE83B /* Debug */,
				19255E1E2AA74CF2008BE83B /* Release */,
			);
			defaultConfigurationIsVisible = 0;
			defaultConfigurationName = Release;
		};
		19255E1F2AA74CF2008BE83B /* Build configuration list for PBXNativeTarget "LiveSplashDemoTests" */ = {
			isa = XCConfigurationList;
			buildConfigurations = (
				19255E202AA74CF2008BE83B /* Debug */,
				19255E212AA74CF2008BE83B /* Release */,
			);
			defaultConfigurationIsVisible = 0;
			defaultConfigurationName = Release;
		};
		19255E222AA74CF2008BE83B /* Build configuration list for PBXNativeTarget "LiveSplashDemoUITests" */ = {
			isa = XCConfigurationList;
			buildConfigurations = (
				19255E232AA74CF2008BE83B /* Debug */,
				19255E242AA74CF2008BE83B /* Release */,
			);
			defaultConfigurationIsVisible = 0;
			defaultConfigurationName = Release;
		};
/* End XCConfigurationList section */
	};
	rootObject = 19255DEA2AA74CEE008BE83B /* Project object */;
}
